// !$*UTF8*$!
{
	archiveVersion = 1;
	classes = {
	};
	objectVersion = 50;
	objects = {

/* Begin PBXBuildFile section */
		197F9CD4E54F99ED6997D001 /* Pods_Coach_Nik.framework in Frameworks */ = {isa = PBXBuildFile; fileRef = C1905619B5EA7E7878867A1D /* Pods_Coach_Nik.framework */; };
		432BF141209D66EF003E330D /* AppDelegate.swift in Sources */ = {isa = PBXBuildFile; fileRef = 432BF140209D66EF003E330D /* AppDelegate.swift */; };
		432BF143209D66EF003E330D /* ViewController.swift in Sources */ = {isa = PBXBuildFile; fileRef = 432BF142209D66EF003E330D /* ViewController.swift */; };
		432BF146209D66EF003E330D /* Main.storyboard in Resources */ = {isa = PBXBuildFile; fileRef = 432BF144209D66EF003E330D /* Main.storyboard */; };
		432BF148209D66F1003E330D /* Assets.xcassets in Resources */ = {isa = PBXBuildFile; fileRef = 432BF147209D66F1003E330D /* Assets.xcassets */; };
		432BF14B209D66F1003E330D /* LaunchScreen.storyboard in Resources */ = {isa = PBXBuildFile; fileRef = 432BF149209D66F1003E330D /* LaunchScreen.storyboard */; };
		432BF153209D674D003E330D /* CategoryController.swift in Sources */ = {isa = PBXBuildFile; fileRef = 432BF152209D674D003E330D /* CategoryController.swift */; };
		432BF155209D6772003E330D /* ChatInputContainerView.swift in Sources */ = {isa = PBXBuildFile; fileRef = 432BF154209D6772003E330D /* ChatInputContainerView.swift */; };
		432BF157209D6789003E330D /* ChatLogController.swift in Sources */ = {isa = PBXBuildFile; fileRef = 432BF156209D6789003E330D /* ChatLogController.swift */; };
		432BF159209D67A1003E330D /* ChatMessageCell.swift in Sources */ = {isa = PBXBuildFile; fileRef = 432BF158209D67A1003E330D /* ChatMessageCell.swift */; };
		432BF15B209D67B9003E330D /* CollectionCell.swift in Sources */ = {isa = PBXBuildFile; fileRef = 432BF15A209D67B9003E330D /* CollectionCell.swift */; };
		432BF15D209D67CE003E330D /* DetailedController.swift in Sources */ = {isa = PBXBuildFile; fileRef = 432BF15C209D67CE003E330D /* DetailedController.swift */; };
		432BF15F209D67E2003E330D /* Extensions.swift in Sources */ = {isa = PBXBuildFile; fileRef = 432BF15E209D67E2003E330D /* Extensions.swift */; };
		432BF161209D67FA003E330D /* LoginController.swift in Sources */ = {isa = PBXBuildFile; fileRef = 432BF160209D67FA003E330D /* LoginController.swift */; };
		432BF163209D681E003E330D /* LoginController+handlers.swift in Sources */ = {isa = PBXBuildFile; fileRef = 432BF162209D681E003E330D /* LoginController+handlers.swift */; };
		432BF165209D6839003E330D /* Message.swift in Sources */ = {isa = PBXBuildFile; fileRef = 432BF164209D6839003E330D /* Message.swift */; };
		432BF167209D684D003E330D /* MessageController.swift in Sources */ = {isa = PBXBuildFile; fileRef = 432BF166209D684D003E330D /* MessageController.swift */; };
		432BF169209D6866003E330D /* MovieCell.swift in Sources */ = {isa = PBXBuildFile; fileRef = 432BF168209D6866003E330D /* MovieCell.swift */; };
		432BF16B209D687A003E330D /* NewMessageController.swift in Sources */ = {isa = PBXBuildFile; fileRef = 432BF16A209D687A003E330D /* NewMessageController.swift */; };
		432BF16D209D688D003E330D /* User.swift in Sources */ = {isa = PBXBuildFile; fileRef = 432BF16C209D688D003E330D /* User.swift */; };
		432BF16F209D689C003E330D /* UserCell.swift in Sources */ = {isa = PBXBuildFile; fileRef = 432BF16E209D689C003E330D /* UserCell.swift */; };
/* End PBXBuildFile section */

/* Begin PBXFileReference section */
		432BF13D209D66EF003E330D /* Coach Nik.app */ = {isa = PBXFileReference; explicitFileType = wrapper.application; includeInIndex = 0; path = "Coach Nik.app"; sourceTree = BUILT_PRODUCTS_DIR; };
		432BF140209D66EF003E330D /* AppDelegate.swift */ = {isa = PBXFileReference; lastKnownFileType = sourcecode.swift; path = AppDelegate.swift; sourceTree = "<group>"; };
		432BF142209D66EF003E330D /* ViewController.swift */ = {isa = PBXFileReference; lastKnownFileType = sourcecode.swift; path = ViewController.swift; sourceTree = "<group>"; };
		432BF145209D66EF003E330D /* Base */ = {isa = PBXFileReference; lastKnownFileType = file.storyboard; name = Base; path = Base.lproj/Main.storyboard; sourceTree = "<group>"; };
		432BF147209D66F1003E330D /* Assets.xcassets */ = {isa = PBXFileReference; lastKnownFileType = folder.assetcatalog; path = Assets.xcassets; sourceTree = "<group>"; };
		432BF14A209D66F1003E330D /* Base */ = {isa = PBXFileReference; lastKnownFileType = file.storyboard; name = Base; path = Base.lproj/LaunchScreen.storyboard; sourceTree = "<group>"; };
		432BF14C209D66F1003E330D /* Info.plist */ = {isa = PBXFileReference; lastKnownFileType = text.plist.xml; path = Info.plist; sourceTree = "<group>"; };
		432BF152209D674D003E330D /* CategoryController.swift */ = {isa = PBXFileReference; lastKnownFileType = sourcecode.swift; path = CategoryController.swift; sourceTree = "<group>"; };
		432BF154209D6772003E330D /* ChatInputContainerView.swift */ = {isa = PBXFileReference; lastKnownFileType = sourcecode.swift; path = ChatInputContainerView.swift; sourceTree = "<group>"; };
		432BF156209D6789003E330D /* ChatLogController.swift */ = {isa = PBXFileReference; lastKnownFileType = sourcecode.swift; path = ChatLogController.swift; sourceTree = "<group>"; };
		432BF158209D67A1003E330D /* ChatMessageCell.swift */ = {isa = PBXFileReference; lastKnownFileType = sourcecode.swift; path = ChatMessageCell.swift; sourceTree = "<group>"; };
		432BF15A209D67B9003E330D /* CollectionCell.swift */ = {isa = PBXFileReference; lastKnownFileType = sourcecode.swift; path = CollectionCell.swift; sourceTree = "<group>"; };
		432BF15C209D67CE003E330D /* DetailedController.swift */ = {isa = PBXFileReference; lastKnownFileType = sourcecode.swift; path = DetailedController.swift; sourceTree = "<group>"; };
		432BF15E209D67E2003E330D /* Extensions.swift */ = {isa = PBXFileReference; lastKnownFileType = sourcecode.swift; path = Extensions.swift; sourceTree = "<group>"; };
		432BF160209D67FA003E330D /* LoginController.swift */ = {isa = PBXFileReference; lastKnownFileType = sourcecode.swift; path = LoginController.swift; sourceTree = "<group>"; };
		432BF162209D681E003E330D /* LoginController+handlers.swift */ = {isa = PBXFileReference; lastKnownFileType = sourcecode.swift; path = "LoginController+handlers.swift"; sourceTree = "<group>"; };
		432BF164209D6839003E330D /* Message.swift */ = {isa = PBXFileReference; lastKnownFileType = sourcecode.swift; path = Message.swift; sourceTree = "<group>"; };
		432BF166209D684D003E330D /* MessageController.swift */ = {isa = PBXFileReference; lastKnownFileType = sourcecode.swift; path = MessageController.swift; sourceTree = "<group>"; };
		432BF168209D6866003E330D /* MovieCell.swift */ = {isa = PBXFileReference; lastKnownFileType = sourcecode.swift; path = MovieCell.swift; sourceTree = "<group>"; };
		432BF16A209D687A003E330D /* NewMessageController.swift */ = {isa = PBXFileReference; lastKnownFileType = sourcecode.swift; path = NewMessageController.swift; sourceTree = "<group>"; };
		432BF16C209D688D003E330D /* User.swift */ = {isa = PBXFileReference; lastKnownFileType = sourcecode.swift; path = User.swift; sourceTree = "<group>"; };
		432BF16E209D689C003E330D /* UserCell.swift */ = {isa = PBXFileReference; lastKnownFileType = sourcecode.swift; path = UserCell.swift; sourceTree = "<group>"; };
		5487419D0EB8188B1828D2F6 /* Pods-Coach Nik.release.xcconfig */ = {isa = PBXFileReference; includeInIndex = 1; lastKnownFileType = text.xcconfig; name = "Pods-Coach Nik.release.xcconfig"; path = "Pods/Target Support Files/Pods-Coach Nik/Pods-Coach Nik.release.xcconfig"; sourceTree = "<group>"; };
		C1905619B5EA7E7878867A1D /* Pods_Coach_Nik.framework */ = {isa = PBXFileReference; explicitFileType = wrapper.framework; includeInIndex = 0; path = Pods_Coach_Nik.framework; sourceTree = BUILT_PRODUCTS_DIR; };
		FCF3538982FCA929209A4D79 /* Pods-Coach Nik.debug.xcconfig */ = {isa = PBXFileReference; includeInIndex = 1; lastKnownFileType = text.xcconfig; name = "Pods-Coach Nik.debug.xcconfig"; path = "Pods/Target Support Files/Pods-Coach Nik/Pods-Coach Nik.debug.xcconfig"; sourceTree = "<group>"; };
/* End PBXFileReference section */

/* Begin PBXFrameworksBuildPhase section */
		432BF13A209D66EF003E330D /* Frameworks */ = {
			isa = PBXFrameworksBuildPhase;
			buildActionMask = 2147483647;
			files = (
				197F9CD4E54F99ED6997D001 /* Pods_Coach_Nik.framework in Frameworks */,
			);
			runOnlyForDeploymentPostprocessing = 0;
		};
/* End PBXFrameworksBuildPhase section */

/* Begin PBXGroup section */
		08CE7AB7E2AE3D40586A8912 /* Pods */ = {
			isa = PBXGroup;
			children = (
				FCF3538982FCA929209A4D79 /* Pods-Coach Nik.debug.xcconfig */,
				5487419D0EB8188B1828D2F6 /* Pods-Coach Nik.release.xcconfig */,
			);
			name = Pods;
			sourceTree = "<group>";
		};
		432BF134209D66EF003E330D = {
			isa = PBXGroup;
			children = (
				432BF13F209D66EF003E330D /* Coach Nik */,
				432BF13E209D66EF003E330D /* Products */,
				08CE7AB7E2AE3D40586A8912 /* Pods */,
				5D9EF0956DF94F29F7FD2F80 /* Frameworks */,
			);
			sourceTree = "<group>";
		};
		432BF13E209D66EF003E330D /* Products */ = {
			isa = PBXGroup;
			children = (
				432BF13D209D66EF003E330D /* Coach Nik.app */,
			);
			name = Products;
			sourceTree = "<group>";
		};
		432BF13F209D66EF003E330D /* Coach Nik */ = {
			isa = PBXGroup;
			children = (
				432BF140209D66EF003E330D /* AppDelegate.swift */,
				432BF142209D66EF003E330D /* ViewController.swift */,
				432BF144209D66EF003E330D /* Main.storyboard */,
				432BF147209D66F1003E330D /* Assets.xcassets */,
				432BF149209D66F1003E330D /* LaunchScreen.storyboard */,
				432BF14C209D66F1003E330D /* Info.plist */,
				432BF152209D674D003E330D /* CategoryController.swift */,
				432BF154209D6772003E330D /* ChatInputContainerView.swift */,
				432BF156209D6789003E330D /* ChatLogController.swift */,
				432BF158209D67A1003E330D /* ChatMessageCell.swift */,
				432BF15A209D67B9003E330D /* CollectionCell.swift */,
				432BF15C209D67CE003E330D /* DetailedController.swift */,
				432BF15E209D67E2003E330D /* Extensions.swift */,
				432BF160209D67FA003E330D /* LoginController.swift */,
				432BF162209D681E003E330D /* LoginController+handlers.swift */,
				432BF164209D6839003E330D /* Message.swift */,
				432BF166209D684D003E330D /* MessageController.swift */,
				432BF168209D6866003E330D /* MovieCell.swift */,
				432BF16A209D687A003E330D /* NewMessageController.swift */,
				432BF16C209D688D003E330D /* User.swift */,
				432BF16E209D689C003E330D /* UserCell.swift */,
			);
			path = "Coach Nik";
			sourceTree = "<group>";
		};
		5D9EF0956DF94F29F7FD2F80 /* Frameworks */ = {
			isa = PBXGroup;
			children = (
				C1905619B5EA7E7878867A1D /* Pods_Coach_Nik.framework */,
			);
			name = Frameworks;
			sourceTree = "<group>";
		};
/* End PBXGroup section */

/* Begin PBXNativeTarget section */
		432BF13C209D66EF003E330D /* Coach Nik */ = {
			isa = PBXNativeTarget;
			buildConfigurationList = 432BF14F209D66F1003E330D /* Build configuration list for PBXNativeTarget "Coach Nik" */;
			buildPhases = (
				9E38FDDCA44E3BEE984DB7F4 /* [CP] Check Pods Manifest.lock */,
				432BF139209D66EF003E330D /* Sources */,
				432BF13A209D66EF003E330D /* Frameworks */,
				432BF13B209D66EF003E330D /* Resources */,
				6B460A87D764173D58CFC1D8 /* [CP] Embed Pods Frameworks */,
				ACC96E366815C8B40884FBDE /* [CP] Copy Pods Resources */,
			);
			buildRules = (
			);
			dependencies = (
			);
			name = "Coach Nik";
			productName = "Coach Nik";
			productReference = 432BF13D209D66EF003E330D /* Coach Nik.app */;
			productType = "com.apple.product-type.application";
		};
/* End PBXNativeTarget section */

/* Begin PBXProject section */
		432BF135209D66EF003E330D /* Project object */ = {
			isa = PBXProject;
			attributes = {
				LastSwiftUpdateCheck = 0930;
				LastUpgradeCheck = 0930;
				ORGANIZATIONNAME = "Nikhil Yathindra";
				TargetAttributes = {
					432BF13C209D66EF003E330D = {
						CreatedOnToolsVersion = 9.3;
					};
				};
			};
			buildConfigurationList = 432BF138209D66EF003E330D /* Build configuration list for PBXProject "Coach Nik" */;
			compatibilityVersion = "Xcode 9.3";
			developmentRegion = en;
			hasScannedForEncodings = 0;
			knownRegions = (
				en,
				Base,
			);
			mainGroup = 432BF134209D66EF003E330D;
			productRefGroup = 432BF13E209D66EF003E330D /* Products */;
			projectDirPath = "";
			projectRoot = "";
			targets = (
				432BF13C209D66EF003E330D /* Coach Nik */,
			);
		};
/* End PBXProject section */

/* Begin PBXResourcesBuildPhase section */
		432BF13B209D66EF003E330D /* Resources */ = {
			isa = PBXResourcesBuildPhase;
			buildActionMask = 2147483647;
			files = (
				432BF14B209D66F1003E330D /* LaunchScreen.storyboard in Resources */,
				432BF148209D66F1003E330D /* Assets.xcassets in Resources */,
				432BF146209D66EF003E330D /* Main.storyboard in Resources */,
			);
			runOnlyForDeploymentPostprocessing = 0;
		};
/* End PBXResourcesBuildPhase section */

/* Begin PBXShellScriptBuildPhase section */
		6B460A87D764173D58CFC1D8 /* [CP] Embed Pods Frameworks */ = {
			isa = PBXShellScriptBuildPhase;
			buildActionMask = 2147483647;
			files = (
			);
			inputPaths = (
				"${SRCROOT}/Pods/Target Support Files/Pods-Coach Nik/Pods-Coach Nik-frameworks.sh",
				"${BUILT_PRODUCTS_DIR}/AFNetworking/AFNetworking.framework",
				"${BUILT_PRODUCTS_DIR}/Alamofire/Alamofire.framework",
				"${BUILT_PRODUCTS_DIR}/Cosmos/Cosmos.framework",
				"${BUILT_PRODUCTS_DIR}/GTMSessionFetcher/GTMSessionFetcher.framework",
				"${BUILT_PRODUCTS_DIR}/GoogleToolboxForMac/GoogleToolboxForMac.framework",
				"${BUILT_PRODUCTS_DIR}/SVProgressHUD/SVProgressHUD.framework",
				"${BUILT_PRODUCTS_DIR}/SwiftyJSON/SwiftyJSON.framework",
				"${BUILT_PRODUCTS_DIR}/YouTubePlayer-Swift/YouTubePlayer_Swift.framework",
				"${BUILT_PRODUCTS_DIR}/leveldb-library/leveldb.framework",
				"${BUILT_PRODUCTS_DIR}/nanopb/nanopb.framework",
			);
			name = "[CP] Embed Pods Frameworks";
			outputPaths = (
				"${TARGET_BUILD_DIR}/${FRAMEWORKS_FOLDER_PATH}/AFNetworking.framework",
				"${TARGET_BUILD_DIR}/${FRAMEWORKS_FOLDER_PATH}/Alamofire.framework",
				"${TARGET_BUILD_DIR}/${FRAMEWORKS_FOLDER_PATH}/Cosmos.framework",
				"${TARGET_BUILD_DIR}/${FRAMEWORKS_FOLDER_PATH}/GTMSessionFetcher.framework",
				"${TARGET_BUILD_DIR}/${FRAMEWORKS_FOLDER_PATH}/GoogleToolboxForMac.framework",
				"${TARGET_BUILD_DIR}/${FRAMEWORKS_FOLDER_PATH}/SVProgressHUD.framework",
				"${TARGET_BUILD_DIR}/${FRAMEWORKS_FOLDER_PATH}/SwiftyJSON.framework",
				"${TARGET_BUILD_DIR}/${FRAMEWORKS_FOLDER_PATH}/YouTubePlayer_Swift.framework",
				"${TARGET_BUILD_DIR}/${FRAMEWORKS_FOLDER_PATH}/leveldb.framework",
				"${TARGET_BUILD_DIR}/${FRAMEWORKS_FOLDER_PATH}/nanopb.framework",
			);
			runOnlyForDeploymentPostprocessing = 0;
			shellPath = /bin/sh;
			shellScript = "\"${SRCROOT}/Pods/Target Support Files/Pods-Coach Nik/Pods-Coach Nik-frameworks.sh\"\n";
			showEnvVarsInLog = 0;
		};
		9E38FDDCA44E3BEE984DB7F4 /* [CP] Check Pods Manifest.lock */ = {
			isa = PBXShellScriptBuildPhase;
			buildActionMask = 2147483647;
			files = (
			);
			inputPaths = (
				"${PODS_PODFILE_DIR_PATH}/Podfile.lock",
				"${PODS_ROOT}/Manifest.lock",
			);
			name = "[CP] Check Pods Manifest.lock";
			outputPaths = (
				"$(DERIVED_FILE_DIR)/Pods-Coach Nik-checkManifestLockResult.txt",
			);
			runOnlyForDeploymentPostprocessing = 0;
			shellPath = /bin/sh;
			shellScript = "diff \"${PODS_PODFILE_DIR_PATH}/Podfile.lock\" \"${PODS_ROOT}/Manifest.lock\" > /dev/null\nif [ $? != 0 ] ; then\n    # print error to STDERR\n    echo \"error: The sandbox is not in sync with the Podfile.lock. Run 'pod install' or update your CocoaPods installation.\" >&2\n    exit 1\nfi\n# This output is used by Xcode 'outputs' to avoid re-running this script phase.\necho \"SUCCESS\" > \"${SCRIPT_OUTPUT_FILE_0}\"\n";
			showEnvVarsInLog = 0;
		};
		ACC96E366815C8B40884FBDE /* [CP] Copy Pods Resources */ = {
			isa = PBXShellScriptBuildPhase;
			buildActionMask = 2147483647;
			files = (
			);
			inputPaths = (
			);
			name = "[CP] Copy Pods Resources";
			outputPaths = (
			);
			runOnlyForDeploymentPostprocessing = 0;
			shellPath = /bin/sh;
			shellScript = "\"${SRCROOT}/Pods/Target Support Files/Pods-Coach Nik/Pods-Coach Nik-resources.sh\"\n";
			showEnvVarsInLog = 0;
		};
/* End PBXShellScriptBuildPhase section */

/* Begin PBXSourcesBuildPhase section */
		432BF139209D66EF003E330D /* Sources */ = {
			isa = PBXSourcesBuildPhase;
			buildActionMask = 2147483647;
			files = (
				432BF169209D6866003E330D /* MovieCell.swift in Sources */,
				432BF157209D6789003E330D /* ChatLogController.swift in Sources */,
				432BF15F209D67E2003E330D /* Extensions.swift in Sources */,
				432BF143209D66EF003E330D /* ViewController.swift in Sources */,
				432BF16F209D689C003E330D /* UserCell.swift in Sources */,
				432BF16D209D688D003E330D /* User.swift in Sources */,
				432BF155209D6772003E330D /* ChatInputContainerView.swift in Sources */,
				432BF15D209D67CE003E330D /* DetailedController.swift in Sources */,
				432BF159209D67A1003E330D /* ChatMessageCell.swift in Sources */,
				432BF163209D681E003E330D /* LoginController+handlers.swift in Sources */,
				432BF15B209D67B9003E330D /* CollectionCell.swift in Sources */,
				432BF141209D66EF003E330D /* AppDelegate.swift in Sources */,
				432BF165209D6839003E330D /* Message.swift in Sources */,
				432BF16B209D687A003E330D /* NewMessageController.swift in Sources */,
				432BF153209D674D003E330D /* CategoryController.swift in Sources */,
				432BF167209D684D003E330D /* MessageController.swift in Sources */,
				432BF161209D67FA003E330D /* LoginController.swift in Sources */,
			);
			runOnlyForDeploymentPostprocessing = 0;
		};
/* End PBXSourcesBuildPhase section */

/* Begin PBXVariantGroup section */
		432BF144209D66EF003E330D /* Main.storyboard */ = {
			isa = PBXVariantGroup;
			children = (
				432BF145209D66EF003E330D /* Base */,
			);
			name = Main.storyboard;
			sourceTree = "<group>";
		};
		432BF149209D66F1003E330D /* LaunchScreen.storyboard */ = {
			isa = PBXVariantGroup;
			children = (
				432BF14A209D66F1003E330D /* Base */,
			);
			name = LaunchScreen.storyboard;
			sourceTree = "<group>";
		};
/* End PBXVariantGroup section */

/* Begin XCBuildConfiguration section */
		432BF14D209D66F1003E330D /* Debug */ = {
			isa = XCBuildConfiguration;
			buildSettings = {
				ALWAYS_SEARCH_USER_PATHS = NO;
				CLANG_ANALYZER_NONNULL = YES;
				CLANG_ANALYZER_NUMBER_OBJECT_CONVERSION = YES_AGGRESSIVE;
				CLANG_CXX_LANGUAGE_STANDARD = "gnu++14";
				CLANG_CXX_LIBRARY = "libc++";
				CLANG_ENABLE_MODULES = YES;
				CLANG_ENABLE_OBJC_ARC = YES;
				CLANG_ENABLE_OBJC_WEAK = YES;
				CLANG_WARN_BLOCK_CAPTURE_AUTORELEASING = YES;
				CLANG_WARN_BOOL_CONVERSION = YES;
				CLANG_WARN_COMMA = YES;
				CLANG_WARN_CONSTANT_CONVERSION = YES;
				CLANG_WARN_DEPRECATED_OBJC_IMPLEMENTATIONS = YES;
				CLANG_WARN_DIRECT_OBJC_ISA_USAGE = YES_ERROR;
				CLANG_WARN_DOCUMENTATION_COMMENTS = YES;
				CLANG_WARN_EMPTY_BODY = YES;
				CLANG_WARN_ENUM_CONVERSION = YES;
				CLANG_WARN_INFINITE_RECURSION = YES;
				CLANG_WARN_INT_CONVERSION = YES;
				CLANG_WARN_NON_LITERAL_NULL_CONVERSION = YES;
				CLANG_WARN_OBJC_IMPLICIT_RETAIN_SELF = YES;
				CLANG_WARN_OBJC_LITERAL_CONVERSION = YES;
				CLANG_WARN_OBJC_ROOT_CLASS = YES_ERROR;
				CLANG_WARN_RANGE_LOOP_ANALYSIS = YES;
				CLANG_WARN_STRICT_PROTOTYPES = YES;
				CLANG_WARN_SUSPICIOUS_MOVE = YES;
				CLANG_WARN_UNGUARDED_AVAILABILITY = YES_AGGRESSIVE;
				CLANG_WARN_UNREACHABLE_CODE = YES;
				CLANG_WARN__DUPLICATE_METHOD_MATCH = YES;
				CODE_SIGN_IDENTITY = "iPhone Developer";
				COPY_PHASE_STRIP = NO;
				DEBUG_INFORMATION_FORMAT = dwarf;
				ENABLE_STRICT_OBJC_MSGSEND = YES;
				ENABLE_TESTABILITY = YES;
				GCC_C_LANGUAGE_STANDARD = gnu11;
				GCC_DYNAMIC_NO_PIC = NO;
				GCC_NO_COMMON_BLOCKS = YES;
				GCC_OPTIMIZATION_LEVEL = 0;
				GCC_PREPROCESSOR_DEFINITIONS = (
					"DEBUG=1",
					"$(inherited)",
				);
				GCC_WARN_64_TO_32_BIT_CONVERSION = YES;
				GCC_WARN_ABOUT_RETURN_TYPE = YES_ERROR;
				GCC_WARN_UNDECLARED_SELECTOR = YES;
				GCC_WARN_UNINITIALIZED_AUTOS = YES_AGGRESSIVE;
				GCC_WARN_UNUSED_FUNCTION = YES;
				GCC_WARN_UNUSED_VARIABLE = YES;
				IPHONEOS_DEPLOYMENT_TARGET = 11.3;
				MTL_ENABLE_DEBUG_INFO = YES;
				ONLY_ACTIVE_ARCH = YES;
				SDKROOT = iphoneos;
				SWIFT_ACTIVE_COMPILATION_CONDITIONS = DEBUG;
				SWIFT_OPTIMIZATION_LEVEL = "-Onone";
			};
			name = Debug;
		};
		432BF14E209D66F1003E330D /* Release */ = {
			isa = XCBuildConfiguration;
			buildSettings = {
				ALWAYS_SEARCH_USER_PATHS = NO;
				CLANG_ANALYZER_NONNULL = YES;
				CLANG_ANALYZER_NUMBER_OBJECT_CONVERSION = YES_AGGRESSIVE;
				CLANG_CXX_LANGUAGE_STANDARD = "gnu++14";
				CLANG_CXX_LIBRARY = "libc++";
				CLANG_ENABLE_MODULES = YES;
				CLANG_ENABLE_OBJC_ARC = YES;
				CLANG_ENABLE_OBJC_WEAK = YES;
				CLANG_WARN_BLOCK_CAPTURE_AUTORELEASING = YES;
				CLANG_WARN_BOOL_CONVERSION = YES;
				CLANG_WARN_COMMA = YES;
				CLANG_WARN_CONSTANT_CONVERSION = YES;
				CLANG_WARN_DEPRECATED_OBJC_IMPLEMENTATIONS = YES;
				CLANG_WARN_DIRECT_OBJC_ISA_USAGE = YES_ERROR;
				CLANG_WARN_DOCUMENTATION_COMMENTS = YES;
				CLANG_WARN_EMPTY_BODY = YES;
				CLANG_WARN_ENUM_CONVERSION = YES;
				CLANG_WARN_INFINITE_RECURSION = YES;
				CLANG_WARN_INT_CONVERSION = YES;
				CLANG_WARN_NON_LITERAL_NULL_CONVERSION = YES;
				CLANG_WARN_OBJC_IMPLICIT_RETAIN_SELF = YES;
				CLANG_WARN_OBJC_LITERAL_CONVERSION = YES;
				CLANG_WARN_OBJC_ROOT_CLASS = YES_ERROR;
				CLANG_WARN_RANGE_LOOP_ANALYSIS = YES;
				CLANG_WARN_STRICT_PROTOTYPES = YES;
				CLANG_WARN_SUSPICIOUS_MOVE = YES;
				CLANG_WARN_UNGUARDED_AVAILABILITY = YES_AGGRESSIVE;
				CLANG_WARN_UNREACHABLE_CODE = YES;
				CLANG_WARN__DUPLICATE_METHOD_MATCH = YES;
				CODE_SIGN_IDENTITY = "iPhone Developer";
				COPY_PHASE_STRIP = NO;
				DEBUG_INFORMATION_FORMAT = "dwarf-with-dsym";
				ENABLE_NS_ASSERTIONS = NO;
				ENABLE_STRICT_OBJC_MSGSEND = YES;
				GCC_C_LANGUAGE_STANDARD = gnu11;
				GCC_NO_COMMON_BLOCKS = YES;
				GCC_WARN_64_TO_32_BIT_CONVERSION = YES;
				GCC_WARN_ABOUT_RETURN_TYPE = YES_ERROR;
				GCC_WARN_UNDECLARED_SELECTOR = YES;
				GCC_WARN_UNINITIALIZED_AUTOS = YES_AGGRESSIVE;
				GCC_WARN_UNUSED_FUNCTION = YES;
				GCC_WARN_UNUSED_VARIABLE = YES;
				IPHONEOS_DEPLOYMENT_TARGET = 11.3;
				MTL_ENABLE_DEBUG_INFO = NO;
				SDKROOT = iphoneos;
				SWIFT_COMPILATION_MODE = wholemodule;
				SWIFT_OPTIMIZATION_LEVEL = "-O";
				VALIDATE_PRODUCT = YES;
			};
			name = Release;
		};
		432BF150209D66F1003E330D /* Debug */ = {
			isa = XCBuildConfiguration;
			baseConfigurationReference = FCF3538982FCA929209A4D79 /* Pods-Coach Nik.debug.xcconfig */;
			buildSettings = {
				ASSETCATALOG_COMPILER_APPICON_NAME = AppIcon;
				CODE_SIGN_STYLE = Automatic;
				INFOPLIST_FILE = "Coach Nik/Info.plist";
				LD_RUNPATH_SEARCH_PATHS = (
					"$(inherited)",
					"@executable_path/Frameworks",
				);
				PRODUCT_BUNDLE_IDENTIFIER = "nikhilyathindra.Coach-Nik";
				PRODUCT_NAME = "$(TARGET_NAME)";
				SWIFT_VERSION = 4.0;
				TARGETED_DEVICE_FAMILY = "1,2";
			};
			name = Debug;
		};
		432BF151209D66F1003E330D /* Release */ = {
			isa = XCBuildConfiguration;
			baseConfigurationReference = 5487419D0EB8188B1828D2F6 /* Pods-Coach Nik.release.xcconfig */;
			buildSettings = {
				ASSETCATALOG_COMPILER_APPICON_NAME = AppIcon;
				CODE_SIGN_STYLE = Automatic;
				INFOPLIST_FILE = "Coach Nik/Info.plist";
				LD_RUNPATH_SEARCH_PATHS = (
					"$(inherited)",
					"@executable_path/Frameworks",
				);
				PRODUCT_BUNDLE_IDENTIFIER = "nikhilyathindra.Coach-Nik";
				PRODUCT_NAME = "$(TARGET_NAME)";
				SWIFT_VERSION = 4.0;
				TARGETED_DEVICE_FAMILY = "1,2";
			};
			name = Release;
		};
/* End XCBuildConfiguration section */

/* Begin XCConfigurationList section */
		432BF138209D66EF003E330D /* Build configuration list for PBXProject "Coach Nik" */ = {
			isa = XCConfigurationList;
			buildConfigurations = (
				432BF14D209D66F1003E330D /* Debug */,
				432BF14E209D66F1003E330D /* Release */,
			);
			defaultConfigurationIsVisible = 0;
			defaultConfigurationName = Release;
		};
		432BF14F209D66F1003E330D /* Build configuration list for PBXNativeTarget "Coach Nik" */ = {
			isa = XCConfigurationList;
			buildConfigurations = (
				432BF150209D66F1003E330D /* Debug */,
				432BF151209D66F1003E330D /* Release */,
			);
			defaultConfigurationIsVisible = 0;
			defaultConfigurationName = Release;
		};
/* End XCConfigurationList section */
	};
	rootObject = 432BF135209D66EF003E330D /* Project object */;
}
